
Microsoft Visual Studio Solution File, Format Version 12.00
# Visual Studio 15
VisualStudioVersion = 15.0.28307.271
MinimumVisualStudioVersion = 10.0.40219.1
Project("{F184B08F-C81C-45F6-A57F-5ABD9991F28F}") = "parentForm", "parentForm\parentForm.vbproj", "{A23A60DF-F789-4A05-8AD5-2587E5A3C3A9}"
EndProject
Global
	GlobalSection(SolutionConfigurationPlatforms) = preSolution
		Debug|Any CPU = Debug|Any CPU
		Release|Any CPU = Release|Any CPU
	EndGlobalSection
	GlobalSection(ProjectConfigurationPlatforms) = postSolution
		{A23A60DF-F789-4A05-8AD5-2587E5A3C3A9}.Debug|Any CPU.ActiveCfg = Debug|Any CPU
		{A23A60DF-F789-4A05-8AD5-2587E5A3C3A9}.Debug|Any CPU.Build.0 = Debug|Any CPU
		{A23A60DF-F789-4A05-8AD5-2587E5A3C3A9}.Release|Any CPU.ActiveCfg = Release|Any CPU
		{A23A60DF-F789-4A05-8AD5-2587E5A3C3A9}.Release|Any CPU.Build.0 = Release|Any CPU
	EndGlobalSection
	GlobalSection(SolutionProperties) = preSolution
		HideSolutionNode = FALSE
	EndGlobalSection
	GlobalSection(ExtensibilityGlobals) = postSolution
		SolutionGuid = {13DA651A-55F5-439B-B858-03FAC2DB4D41}
	EndGlobalSection
EndGlobal
