
Microsoft Visual Studio Solution File, Format Version 12.00
# Visual Studio 2013
VisualStudioVersion = 12.0.40629.0
MinimumVisualStudioVersion = 10.0.40219.1
Project("{F184B08F-C81C-45F6-A57F-5ABD9991F28F}") = "HospitalCharges", "HospitalCharges\HospitalCharges.vbproj", "{ECF9AC0D-E936-4B12-AF2A-32DD016880FF}"
EndProject
Global
	GlobalSection(SolutionConfigurationPlatforms) = preSolution
		Debug|Any CPU = Debug|Any CPU
		Release|Any CPU = Release|Any CPU
	EndGlobalSection
	GlobalSection(ProjectConfigurationPlatforms) = postSolution
		{ECF9AC0D-E936-4B12-AF2A-32DD016880FF}.Debug|Any CPU.ActiveCfg = Debug|Any CPU
		{ECF9AC0D-E936-4B12-AF2A-32DD016880FF}.Debug|Any CPU.Build.0 = Debug|Any CPU
		{ECF9AC0D-E936-4B12-AF2A-32DD016880FF}.Release|Any CPU.ActiveCfg = Release|Any CPU
		{ECF9AC0D-E936-4B12-AF2A-32DD016880FF}.Release|Any CPU.Build.0 = Release|Any CPU
	EndGlobalSection
	GlobalSection(SolutionProperties) = preSolution
		HideSolutionNode = FALSE
	EndGlobalSection
EndGlobal
