
Microsoft Visual Studio Solution File, Format Version 12.00
# Visual Studio 2013
VisualStudioVersion = 12.0.40629.0
MinimumVisualStudioVersion = 10.0.40219.1
Project("{F184B08F-C81C-45F6-A57F-5ABD9991F28F}") = "StateAbbriviations", "StateAbbriviations\StateAbbriviations.vbproj", "{ADF58AFA-A5A2-4289-A7D7-553D7E55D180}"
EndProject
Global
	GlobalSection(SolutionConfigurationPlatforms) = preSolution
		Debug|Any CPU = Debug|Any CPU
		Release|Any CPU = Release|Any CPU
	EndGlobalSection
	GlobalSection(ProjectConfigurationPlatforms) = postSolution
		{ADF58AFA-A5A2-4289-A7D7-553D7E55D180}.Debug|Any CPU.ActiveCfg = Debug|Any CPU
		{ADF58AFA-A5A2-4289-A7D7-553D7E55D180}.Debug|Any CPU.Build.0 = Debug|Any CPU
		{ADF58AFA-A5A2-4289-A7D7-553D7E55D180}.Release|Any CPU.ActiveCfg = Release|Any CPU
		{ADF58AFA-A5A2-4289-A7D7-553D7E55D180}.Release|Any CPU.Build.0 = Release|Any CPU
	EndGlobalSection
	GlobalSection(SolutionProperties) = preSolution
		HideSolutionNode = FALSE
	EndGlobalSection
EndGlobal
